
Microsoft Visual Studio Solution File, Format Version 12.00
# Visual Studio Version 17
VisualStudioVersion = 17.6.33815.320
MinimumVisualStudioVersion = 10.0.40219.1
Project("{FAE04EC0-301F-11D3-BF4B-00C04F79EFBC}") = "Kalkulator", "Kalkulator\Kalkulator.csproj", "{51C842A6-DDD0-44AB-B536-802B6252B4E7}"
EndProject
Global
	GlobalSection(SolutionConfigurationPlatforms) = preSolution
		Debug|Any CPU = Debug|Any CPU
		Release|Any CPU = Release|Any CPU
	EndGlobalSection
	GlobalSection(ProjectConfigurationPlatforms) = postSolution
		{51C842A6-DDD0-44AB-B536-802B6252B4E7}.Debug|Any CPU.ActiveCfg = Debug|Any CPU
		{51C842A6-DDD0-44AB-B536-802B6252B4E7}.Debug|Any CPU.Build.0 = Debug|Any CPU
		{51C842A6-DDD0-44AB-B536-802B6252B4E7}.Release|Any CPU.ActiveCfg = Release|Any CPU
		{51C842A6-DDD0-44AB-B536-802B6252B4E7}.Release|Any CPU.Build.0 = Release|Any CPU
	EndGlobalSection
	GlobalSection(SolutionProperties) = preSolution
		HideSolutionNode = FALSE
	EndGlobalSection
	GlobalSection(ExtensibilityGlobals) = postSolution
		SolutionGuid = {78F665EB-3E44-457B-885A-EB43A3F73B32}
	EndGlobalSection
EndGlobal
